
Microsoft Visual Studio Solution File, Format Version 12.00
# Visual Studio Version 16
VisualStudioVersion = 16.0.31829.152
MinimumVisualStudioVersion = 10.0.40219.1
Project("{FAE04EC0-301F-11D3-BF4B-00C04F79EFBC}") = "Prodject uppgift 2", "Prodject uppgift 2\Prodject uppgift 2.csproj", "{91E063EF-B05F-4D5D-B971-989CBDA1CE54}"
EndProject
Global
	GlobalSection(SolutionConfigurationPlatforms) = preSolution
		Debug|Any CPU = Debug|Any CPU
		Release|Any CPU = Release|Any CPU
	EndGlobalSection
	GlobalSection(ProjectConfigurationPlatforms) = postSolution
		{91E063EF-B05F-4D5D-B971-989CBDA1CE54}.Debug|Any CPU.ActiveCfg = Debug|Any CPU
		{91E063EF-B05F-4D5D-B971-989CBDA1CE54}.Debug|Any CPU.Build.0 = Debug|Any CPU
		{91E063EF-B05F-4D5D-B971-989CBDA1CE54}.Release|Any CPU.ActiveCfg = Release|Any CPU
		{91E063EF-B05F-4D5D-B971-989CBDA1CE54}.Release|Any CPU.Build.0 = Release|Any CPU
	EndGlobalSection
	GlobalSection(SolutionProperties) = preSolution
		HideSolutionNode = FALSE
	EndGlobalSection
	GlobalSection(ExtensibilityGlobals) = postSolution
		SolutionGuid = {3038815F-FF33-48B9-B55B-6AF3516E4405}
	EndGlobalSection
EndGlobal
